// !$*UTF8*$!
{
	archiveVersion = 1;
	classes = {
	};
	objectVersion = 56;
	objects = {

/* Begin PBXBuildFile section */
		79F044FF2AF91F5A00A97CA9 /* SwiftUI_YT_Player_ExampleApp.swift in Sources */ = {isa = PBXBuildFile; fileRef = 79F044FE2AF91F5A00A97CA9 /* SwiftUI_YT_Player_ExampleApp.swift */; };
		79F045012AF91F5A00A97CA9 /* ContentView.swift in Sources */ = {isa = PBXBuildFile; fileRef = 79F045002AF91F5A00A97CA9 /* ContentView.swift */; };
		79F045032AF91F5D00A97CA9 /* Assets.xcassets in Resources */ = {isa = PBXBuildFile; fileRef = 79F045022AF91F5D00A97CA9 /* Assets.xcassets */; };
		79F045062AF91F5D00A97CA9 /* Preview Assets.xcassets in Resources */ = {isa = PBXBuildFile; fileRef = 79F045052AF91F5D00A97CA9 /* Preview Assets.xcassets */; };
		79F045102AF91F5D00A97CA9 /* SwiftUI_YT_Player_ExampleTests.swift in Sources */ = {isa = PBXBuildFile; fileRef = 79F0450F2AF91F5D00A97CA9 /* SwiftUI_YT_Player_ExampleTests.swift */; };
		79F0451A2AF91F5D00A97CA9 /* SwiftUI_YT_Player_ExampleUITests.swift in Sources */ = {isa = PBXBuildFile; fileRef = 79F045192AF91F5D00A97CA9 /* SwiftUI_YT_Player_ExampleUITests.swift */; };
		79F0451C2AF91F5D00A97CA9 /* SwiftUI_YT_Player_ExampleUITestsLaunchTests.swift in Sources */ = {isa = PBXBuildFile; fileRef = 79F0451B2AF91F5D00A97CA9 /* SwiftUI_YT_Player_ExampleUITestsLaunchTests.swift */; };
/* End PBXBuildFile section */

/* Begin PBXContainerItemProxy section */
		79F0450C2AF91F5D00A97CA9 /* PBXContainerItemProxy */ = {
			isa = PBXContainerItemProxy;
			containerPortal = 79F044F32AF91F5A00A97CA9 /* Project object */;
			proxyType = 1;
			remoteGlobalIDString = 79F044FA2AF91F5A00A97CA9;
			remoteInfo = "SwiftUI YT Player Example";
		};
		79F045162AF91F5D00A97CA9 /* PBXContainerItemProxy */ = {
			isa = PBXContainerItemProxy;
			containerPortal = 79F044F32AF91F5A00A97CA9 /* Project object */;
			proxyType = 1;
			remoteGlobalIDString = 79F044FA2AF91F5A00A97CA9;
			remoteInfo = "SwiftUI YT Player Example";
		};
/* End PBXContainerItemProxy section */

/* Begin PBXFileReference section */
		79F044FB2AF91F5A00A97CA9 /* SwiftUI YT Player Example.app */ = {isa = PBXFileReference; explicitFileType = wrapper.application; includeInIndex = 0; path = "SwiftUI YT Player Example.app"; sourceTree = BUILT_PRODUCTS_DIR; };
		79F044FE2AF91F5A00A97CA9 /* SwiftUI_YT_Player_ExampleApp.swift */ = {isa = PBXFileReference; lastKnownFileType = sourcecode.swift; path = SwiftUI_YT_Player_ExampleApp.swift; sourceTree = "<group>"; };
		79F045002AF91F5A00A97CA9 /* ContentView.swift */ = {isa = PBXFileReference; lastKnownFileType = sourcecode.swift; path = ContentView.swift; sourceTree = "<group>"; };
		79F045022AF91F5D00A97CA9 /* Assets.xcassets */ = {isa = PBXFileReference; lastKnownFileType = folder.assetcatalog; path = Assets.xcassets; sourceTree = "<group>"; };
		79F045052AF91F5D00A97CA9 /* Preview Assets.xcassets */ = {isa = PBXFileReference; lastKnownFileType = folder.assetcatalog; path = "Preview Assets.xcassets"; sourceTree = "<group>"; };
		79F0450B2AF91F5D00A97CA9 /* SwiftUI YT Player ExampleTests.xctest */ = {isa = PBXFileReference; explicitFileType = wrapper.cfbundle; includeInIndex = 0; path = "SwiftUI YT Player ExampleTests.xctest"; sourceTree = BUILT_PRODUCTS_DIR; };
		79F0450F2AF91F5D00A97CA9 /* SwiftUI_YT_Player_ExampleTests.swift */ = {isa = PBXFileReference; lastKnownFileType = sourcecode.swift; path = SwiftUI_YT_Player_ExampleTests.swift; sourceTree = "<group>"; };
		79F045152AF91F5D00A97CA9 /* SwiftUI YT Player ExampleUITests.xctest */ = {isa = PBXFileReference; explicitFileType = wrapper.cfbundle; includeInIndex = 0; path = "SwiftUI YT Player ExampleUITests.xctest"; sourceTree = BUILT_PRODUCTS_DIR; };
		79F045192AF91F5D00A97CA9 /* SwiftUI_YT_Player_ExampleUITests.swift */ = {isa = PBXFileReference; lastKnownFileType = sourcecode.swift; path = SwiftUI_YT_Player_ExampleUITests.swift; sourceTree = "<group>"; };
		79F0451B2AF91F5D00A97CA9 /* SwiftUI_YT_Player_ExampleUITestsLaunchTests.swift */ = {isa = PBXFileReference; lastKnownFileType = sourcecode.swift; path = SwiftUI_YT_Player_ExampleUITestsLaunchTests.swift; sourceTree = "<group>"; };
/* End PBXFileReference section */

/* Begin PBXFrameworksBuildPhase section */
		79F044F82AF91F5A00A97CA9 /* Frameworks */ = {
			isa = PBXFrameworksBuildPhase;
			buildActionMask = 2147483647;
			files = (
			);
			runOnlyForDeploymentPostprocessing = 0;
		};
		79F045082AF91F5D00A97CA9 /* Frameworks */ = {
			isa = PBXFrameworksBuildPhase;
			buildActionMask = 2147483647;
			files = (
			);
			runOnlyForDeploymentPostprocessing = 0;
		};
		79F045122AF91F5D00A97CA9 /* Frameworks */ = {
			isa = PBXFrameworksBuildPhase;
			buildActionMask = 2147483647;
			files = (
			);
			runOnlyForDeploymentPostprocessing = 0;
		};
/* End PBXFrameworksBuildPhase section */

/* Begin PBXGroup section */
		79F044F22AF91F5A00A97CA9 = {
			isa = PBXGroup;
			children = (
				79F044FD2AF91F5A00A97CA9 /* SwiftUI YT Player Example */,
				79F0450E2AF91F5D00A97CA9 /* SwiftUI YT Player ExampleTests */,
				79F045182AF91F5D00A97CA9 /* SwiftUI YT Player ExampleUITests */,
				79F044FC2AF91F5A00A97CA9 /* Products */,
			);
			sourceTree = "<group>";
		};
		79F044FC2AF91F5A00A97CA9 /* Products */ = {
			isa = PBXGroup;
			children = (
				79F044FB2AF91F5A00A97CA9 /* SwiftUI YT Player Example.app */,
				79F0450B2AF91F5D00A97CA9 /* SwiftUI YT Player ExampleTests.xctest */,
				79F045152AF91F5D00A97CA9 /* SwiftUI YT Player ExampleUITests.xctest */,
			);
			name = Products;
			sourceTree = "<group>";
		};
		79F044FD2AF91F5A00A97CA9 /* SwiftUI YT Player Example */ = {
			isa = PBXGroup;
			children = (
				79F044FE2AF91F5A00A97CA9 /* SwiftUI_YT_Player_ExampleApp.swift */,
				79F045002AF91F5A00A97CA9 /* ContentView.swift */,
				79F045022AF91F5D00A97CA9 /* Assets.xcassets */,
				79F045042AF91F5D00A97CA9 /* Preview Content */,
			);
			path = "SwiftUI YT Player Example";
			sourceTree = "<group>";
		};
		79F045042AF91F5D00A97CA9 /* Preview Content */ = {
			isa = PBXGroup;
			children = (
				79F045052AF91F5D00A97CA9 /* Preview Assets.xcassets */,
			);
			path = "Preview Content";
			sourceTree = "<group>";
		};
		79F0450E2AF91F5D00A97CA9 /* SwiftUI YT Player ExampleTests */ = {
			isa = PBXGroup;
			children = (
				79F0450F2AF91F5D00A97CA9 /* SwiftUI_YT_Player_ExampleTests.swift */,
			);
			path = "SwiftUI YT Player ExampleTests";
			sourceTree = "<group>";
		};
		79F045182AF91F5D00A97CA9 /* SwiftUI YT Player ExampleUITests */ = {
			isa = PBXGroup;
			children = (
				79F045192AF91F5D00A97CA9 /* SwiftUI_YT_Player_ExampleUITests.swift */,
				79F0451B2AF91F5D00A97CA9 /* SwiftUI_YT_Player_ExampleUITestsLaunchTests.swift */,
			);
			path = "SwiftUI YT Player ExampleUITests";
			sourceTree = "<group>";
		};
/* End PBXGroup section */

/* Begin PBXNativeTarget section */
		79F044FA2AF91F5A00A97CA9 /* SwiftUI YT Player Example */ = {
			isa = PBXNativeTarget;
			buildConfigurationList = 79F0451F2AF91F5D00A97CA9 /* Build configuration list for PBXNativeTarget "SwiftUI YT Player Example" */;
			buildPhases = (
				79F044F72AF91F5A00A97CA9 /* Sources */,
				79F044F82AF91F5A00A97CA9 /* Frameworks */,
				79F044F92AF91F5A00A97CA9 /* Resources */,
			);
			buildRules = (
			);
			dependencies = (
			);
			name = "SwiftUI YT Player Example";
			productName = "SwiftUI YT Player Example";
			productReference = 79F044FB2AF91F5A00A97CA9 /* SwiftUI YT Player Example.app */;
			productType = "com.apple.product-type.application";
		};
		79F0450A2AF91F5D00A97CA9 /* SwiftUI YT Player ExampleTests */ = {
			isa = PBXNativeTarget;
			buildConfigurationList = 79F045222AF91F5D00A97CA9 /* Build configuration list for PBXNativeTarget "SwiftUI YT Player ExampleTests" */;
			buildPhases = (
				79F045072AF91F5D00A97CA9 /* Sources */,
				79F045082AF91F5D00A97CA9 /* Frameworks */,
				79F045092AF91F5D00A97CA9 /* Resources */,
			);
			buildRules = (
			);
			dependencies = (
				79F0450D2AF91F5D00A97CA9 /* PBXTargetDependency */,
			);
			name = "SwiftUI YT Player ExampleTests";
			productName = "SwiftUI YT Player ExampleTests";
			productReference = 79F0450B2AF91F5D00A97CA9 /* SwiftUI YT Player ExampleTests.xctest */;
			productType = "com.apple.product-type.bundle.unit-test";
		};
		79F045142AF91F5D00A97CA9 /* SwiftUI YT Player ExampleUITests */ = {
			isa = PBXNativeTarget;
			buildConfigurationList = 79F045252AF91F5D00A97CA9 /* Build configuration list for PBXNativeTarget "SwiftUI YT Player ExampleUITests" */;
			buildPhases = (
				79F045112AF91F5D00A97CA9 /* Sources */,
				79F045122AF91F5D00A97CA9 /* Frameworks */,
				79F045132AF91F5D00A97CA9 /* Resources */,
			);
			buildRules = (
			);
			dependencies = (
				79F045172AF91F5D00A97CA9 /* PBXTargetDependency */,
			);
			name = "SwiftUI YT Player ExampleUITests";
			productName = "SwiftUI YT Player ExampleUITests";
			productReference = 79F045152AF91F5D00A97CA9 /* SwiftUI YT Player ExampleUITests.xctest */;
			productType = "com.apple.product-type.bundle.ui-testing";
		};
/* End PBXNativeTarget section */

/* Begin PBXProject section */
		79F044F32AF91F5A00A97CA9 /* Project object */ = {
			isa = PBXProject;
			attributes = {
				BuildIndependentTargetsInParallel = 1;
				LastSwiftUpdateCheck = 1420;
				LastUpgradeCheck = 1420;
				TargetAttributes = {
					79F044FA2AF91F5A00A97CA9 = {
						CreatedOnToolsVersion = 14.2;
					};
					79F0450A2AF91F5D00A97CA9 = {
						CreatedOnToolsVersion = 14.2;
						TestTargetID = 79F044FA2AF91F5A00A97CA9;
					};
					79F045142AF91F5D00A97CA9 = {
						CreatedOnToolsVersion = 14.2;
						TestTargetID = 79F044FA2AF91F5A00A97CA9;
					};
				};
			};
			buildConfigurationList = 79F044F62AF91F5A00A97CA9 /* Build configuration list for PBXProject "SwiftUI YT Player Example" */;
			compatibilityVersion = "Xcode 14.0";
			developmentRegion = en;
			hasScannedForEncodings = 0;
			knownRegions = (
				en,
				Base,
			);
			mainGroup = 79F044F22AF91F5A00A97CA9;
			productRefGroup = 79F044FC2AF91F5A00A97CA9 /* Products */;
			projectDirPath = "";
			projectRoot = "";
			targets = (
				79F044FA2AF91F5A00A97CA9 /* SwiftUI YT Player Example */,
				79F0450A2AF91F5D00A97CA9 /* SwiftUI YT Player ExampleTests */,
				79F045142AF91F5D00A97CA9 /* SwiftUI YT Player ExampleUITests */,
			);
		};
/* End PBXProject section */

/* Begin PBXResourcesBuildPhase section */
		79F044F92AF91F5A00A97CA9 /* Resources */ = {
			isa = PBXResourcesBuildPhase;
			buildActionMask = 2147483647;
			files = (
				79F045062AF91F5D00A97CA9 /* Preview Assets.xcassets in Resources */,
				79F045032AF91F5D00A97CA9 /* Assets.xcassets in Resources */,
			);
			runOnlyForDeploymentPostprocessing = 0;
		};
		79F045092AF91F5D00A97CA9 /* Resources */ = {
			isa = PBXResourcesBuildPhase;
			buildActionMask = 2147483647;
			files = (
			);
			runOnlyForDeploymentPostprocessing = 0;
		};
		79F045132AF91F5D00A97CA9 /* Resources */ = {
			isa = PBXResourcesBuildPhase;
			buildActionMask = 2147483647;
			files = (
			);
			runOnlyForDeploymentPostprocessing = 0;
		};
/* End PBXResourcesBuildPhase section */

/* Begin PBXSourcesBuildPhase section */
		79F044F72AF91F5A00A97CA9 /* Sources */ = {
			isa = PBXSourcesBuildPhase;
			buildActionMask = 2147483647;
			files = (
				79F045012AF91F5A00A97CA9 /* ContentView.swift in Sources */,
				79F044FF2AF91F5A00A97CA9 /* SwiftUI_YT_Player_ExampleApp.swift in Sources */,
			);
			runOnlyForDeploymentPostprocessing = 0;
		};
		79F045072AF91F5D00A97CA9 /* Sources */ = {
			isa = PBXSourcesBuildPhase;
			buildActionMask = 2147483647;
			files = (
				79F045102AF91F5D00A97CA9 /* SwiftUI_YT_Player_ExampleTests.swift in Sources */,
			);
			runOnlyForDeploymentPostprocessing = 0;
		};
		79F045112AF91F5D00A97CA9 /* Sources */ = {
			isa = PBXSourcesBuildPhase;
			buildActionMask = 2147483647;
			files = (
				79F0451A2AF91F5D00A97CA9 /* SwiftUI_YT_Player_ExampleUITests.swift in Sources */,
				79F0451C2AF91F5D00A97CA9 /* SwiftUI_YT_Player_ExampleUITestsLaunchTests.swift in Sources */,
			);
			runOnlyForDeploymentPostprocessing = 0;
		};
/* End PBXSourcesBuildPhase section */

/* Begin PBXTargetDependency section */
		79F0450D2AF91F5D00A97CA9 /* PBXTargetDependency */ = {
			isa = PBXTargetDependency;
			target = 79F044FA2AF91F5A00A97CA9 /* SwiftUI YT Player Example */;
			targetProxy = 79F0450C2AF91F5D00A97CA9 /* PBXContainerItemProxy */;
		};
		79F045172AF91F5D00A97CA9 /* PBXTargetDependency */ = {
			isa = PBXTargetDependency;
			target = 79F044FA2AF91F5A00A97CA9 /* SwiftUI YT Player Example */;
			targetProxy = 79F045162AF91F5D00A97CA9 /* PBXContainerItemProxy */;
		};
/* End PBXTargetDependency section */

/* Begin XCBuildConfiguration section */
		79F0451D2AF91F5D00A97CA9 /* Debug */ = {
			isa = XCBuildConfiguration;
			buildSettings = {
				ALWAYS_SEARCH_USER_PATHS = NO;
				CLANG_ANALYZER_NONNULL = YES;
				CLANG_ANALYZER_NUMBER_OBJECT_CONVERSION = YES_AGGRESSIVE;
				CLANG_CXX_LANGUAGE_STANDARD = "gnu++20";
				CLANG_ENABLE_MODULES = YES;
				CLANG_ENABLE_OBJC_ARC = YES;
				CLANG_ENABLE_OBJC_WEAK = YES;
				CLANG_WARN_BLOCK_CAPTURE_AUTORELEASING = YES;
				CLANG_WARN_BOOL_CONVERSION = YES;
				CLANG_WARN_COMMA = YES;
				CLANG_WARN_CONSTANT_CONVERSION = YES;
				CLANG_WARN_DEPRECATED_OBJC_IMPLEMENTATIONS = YES;
				CLANG_WARN_DIRECT_OBJC_ISA_USAGE = YES_ERROR;
				CLANG_WARN_DOCUMENTATION_COMMENTS = YES;
				CLANG_WARN_EMPTY_BODY = YES;
				CLANG_WARN_ENUM_CONVERSION = YES;
				CLANG_WARN_INFINITE_RECURSION = YES;
				CLANG_WARN_INT_CONVERSION = YES;
				CLANG_WARN_NON_LITERAL_NULL_CONVERSION = YES;
				CLANG_WARN_OBJC_IMPLICIT_RETAIN_SELF = YES;
				CLANG_WARN_OBJC_LITERAL_CONVERSION = YES;
				CLANG_WARN_OBJC_ROOT_CLASS = YES_ERROR;
				CLANG_WARN_QUOTED_INCLUDE_IN_FRAMEWORK_HEADER = YES;
				CLANG_WARN_RANGE_LOOP_ANALYSIS = YES;
				CLANG_WARN_STRICT_PROTOTYPES = YES;
				CLANG_WARN_SUSPICIOUS_MOVE = YES;
				CLANG_WARN_UNGUARDED_AVAILABILITY = YES_AGGRESSIVE;
				CLANG_WARN_UNREACHABLE_CODE = YES;
				CLANG_WARN__DUPLICATE_METHOD_MATCH = YES;
				COPY_PHASE_STRIP = NO;
				DEBUG_INFORMATION_FORMAT = dwarf;
				ENABLE_STRICT_OBJC_MSGSEND = YES;
				ENABLE_TESTABILITY = YES;
				GCC_C_LANGUAGE_STANDARD = gnu11;
				GCC_DYNAMIC_NO_PIC = NO;
				GCC_NO_COMMON_BLOCKS = YES;
				GCC_OPTIMIZATION_LEVEL = 0;
				GCC_PREPROCESSOR_DEFINITIONS = (
					"DEBUG=1",
					"$(inherited)",
				);
				GCC_WARN_64_TO_32_BIT_CONVERSION = YES;
				GCC_WARN_ABOUT_RETURN_TYPE = YES_ERROR;
				GCC_WARN_UNDECLARED_SELECTOR = YES;
				GCC_WARN_UNINITIALIZED_AUTOS = YES_AGGRESSIVE;
				GCC_WARN_UNUSED_FUNCTION = YES;
				GCC_WARN_UNUSED_VARIABLE = YES;
				IPHONEOS_DEPLOYMENT_TARGET = 16.2;
				MTL_ENABLE_DEBUG_INFO = INCLUDE_SOURCE;
				MTL_FAST_MATH = YES;
				ONLY_ACTIVE_ARCH = YES;
				SDKROOT = iphoneos;
				SWIFT_ACTIVE_COMPILATION_CONDITIONS = DEBUG;
				SWIFT_OPTIMIZATION_LEVEL = "-Onone";
			};
			name = Debug;
		};
		79F0451E2AF91F5D00A97CA9 /* Release */ = {
			isa = XCBuildConfiguration;
			buildSettings = {
				ALWAYS_SEARCH_USER_PATHS = NO;
				CLANG_ANALYZER_NONNULL = YES;
				CLANG_ANALYZER_NUMBER_OBJECT_CONVERSION = YES_AGGRESSIVE;
				CLANG_CXX_LANGUAGE_STANDARD = "gnu++20";
				CLANG_ENABLE_MODULES = YES;
				CLANG_ENABLE_OBJC_ARC = YES;
				CLANG_ENABLE_OBJC_WEAK = YES;
				CLANG_WARN_BLOCK_CAPTURE_AUTORELEASING = YES;
				CLANG_WARN_BOOL_CONVERSION = YES;
				CLANG_WARN_COMMA = YES;
				CLANG_WARN_CONSTANT_CONVERSION = YES;
				CLANG_WARN_DEPRECATED_OBJC_IMPLEMENTATIONS = YES;
				CLANG_WARN_DIRECT_OBJC_ISA_USAGE = YES_ERROR;
				CLANG_WARN_DOCUMENTATION_COMMENTS = YES;
				CLANG_WARN_EMPTY_BODY = YES;
				CLANG_WARN_ENUM_CONVERSION = YES;
				CLANG_WARN_INFINITE_RECURSION = YES;
				CLANG_WARN_INT_CONVERSION = YES;
				CLANG_WARN_NON_LITERAL_NULL_CONVERSION = YES;
				CLANG_WARN_OBJC_IMPLICIT_RETAIN_SELF = YES;
				CLANG_WARN_OBJC_LITERAL_CONVERSION = YES;
				CLANG_WARN_OBJC_ROOT_CLASS = YES_ERROR;
				CLANG_WARN_QUOTED_INCLUDE_IN_FRAMEWORK_HEADER = YES;
				CLANG_WARN_RANGE_LOOP_ANALYSIS = YES;
				CLANG_WARN_STRICT_PROTOTYPES = YES;
				CLANG_WARN_SUSPICIOUS_MOVE = YES;
				CLANG_WARN_UNGUARDED_AVAILABILITY = YES_AGGRESSIVE;
				CLANG_WARN_UNREACHABLE_CODE = YES;
				CLANG_WARN__DUPLICATE_METHOD_MATCH = YES;
				COPY_PHASE_STRIP = NO;
				DEBUG_INFORMATION_FORMAT = "dwarf-with-dsym";
				ENABLE_NS_ASSERTIONS = NO;
				ENABLE_STRICT_OBJC_MSGSEND = YES;
				GCC_C_LANGUAGE_STANDARD = gnu11;
				GCC_NO_COMMON_BLOCKS = YES;
				GCC_WARN_64_TO_32_BIT_CONVERSION = YES;
				GCC_WARN_ABOUT_RETURN_TYPE = YES_ERROR;
				GCC_WARN_UNDECLARED_SELECTOR = YES;
				GCC_WARN_UNINITIALIZED_AUTOS = YES_AGGRESSIVE;
				GCC_WARN_UNUSED_FUNCTION = YES;
				GCC_WARN_UNUSED_VARIABLE = YES;
				IPHONEOS_DEPLOYMENT_TARGET = 16.2;
				MTL_ENABLE_DEBUG_INFO = NO;
				MTL_FAST_MATH = YES;
				SDKROOT = iphoneos;
				SWIFT_COMPILATION_MODE = wholemodule;
				SWIFT_OPTIMIZATION_LEVEL = "-O";
				VALIDATE_PRODUCT = YES;
			};
			name = Release;
		};
		79F045202AF91F5D00A97CA9 /* Debug */ = {
			isa = XCBuildConfiguration;
			buildSettings = {
				ASSETCATALOG_COMPILER_APPICON_NAME = AppIcon;
				ASSETCATALOG_COMPILER_GLOBAL_ACCENT_COLOR_NAME = AccentColor;
				CODE_SIGN_STYLE = Automatic;
				CURRENT_PROJECT_VERSION = 1;
				DEVELOPMENT_ASSET_PATHS = "\"SwiftUI YT Player Example/Preview Content\"";
				DEVELOPMENT_TEAM = 6JD548BN3B;
				ENABLE_PREVIEWS = YES;
				GENERATE_INFOPLIST_FILE = YES;
				INFOPLIST_KEY_UIApplicationSceneManifest_Generation = YES;
				INFOPLIST_KEY_UIApplicationSupportsIndirectInputEvents = YES;
				INFOPLIST_KEY_UILaunchScreen_Generation = YES;
				INFOPLIST_KEY_UISupportedInterfaceOrientations_iPad = "UIInterfaceOrientationPortrait UIInterfaceOrientationPortraitUpsideDown UIInterfaceOrientationLandscapeLeft UIInterfaceOrientationLandscapeRight";
				INFOPLIST_KEY_UISupportedInterfaceOrientations_iPhone = "UIInterfaceOrientationPortrait UIInterfaceOrientationLandscapeLeft UIInterfaceOrientationLandscapeRight";
				LD_RUNPATH_SEARCH_PATHS = (
					"$(inherited)",
					"@executable_path/Frameworks",
				);
				MARKETING_VERSION = 1.0;
				PRODUCT_BUNDLE_IDENTIFIER = "com.BulldogVenturesInc.SwiftUI-YT-Player-Example";
				PRODUCT_NAME = "$(TARGET_NAME)";
				SWIFT_EMIT_LOC_STRINGS = YES;
				SWIFT_VERSION = 5.0;
				TARGETED_DEVICE_FAMILY = "1,2";
			};
			name = Debug;
		};
		79F045212AF91F5D00A97CA9 /* Release */ = {
			isa = XCBuildConfiguration;
			buildSettings = {
				ASSETCATALOG_COMPILER_APPICON_NAME = AppIcon;
				ASSETCATALOG_COMPILER_GLOBAL_ACCENT_COLOR_NAME = AccentColor;
				CODE_SIGN_STYLE = Automatic;
				CURRENT_PROJECT_VERSION = 1;
				DEVELOPMENT_ASSET_PATHS = "\"SwiftUI YT Player Example/Preview Content\"";
				DEVELOPMENT_TEAM = 6JD548BN3B;
				ENABLE_PREVIEWS = YES;
				GENERATE_INFOPLIST_FILE = YES;
				INFOPLIST_KEY_UIApplicationSceneManifest_Generation = YES;
				INFOPLIST_KEY_UIApplicationSupportsIndirectInputEvents = YES;
				INFOPLIST_KEY_UILaunchScreen_Generation = YES;
				INFOPLIST_KEY_UISupportedInterfaceOrientations_iPad = "UIInterfaceOrientationPortrait UIInterfaceOrientationPortraitUpsideDown UIInterfaceOrientationLandscapeLeft UIInterfaceOrientationLandscapeRight";
				INFOPLIST_KEY_UISupportedInterfaceOrientations_iPhone = "UIInterfaceOrientationPortrait UIInterfaceOrientationLandscapeLeft UIInterfaceOrientationLandscapeRight";
				LD_RUNPATH_SEARCH_PATHS = (
					"$(inherited)",
					"@executable_path/Frameworks",
				);
				MARKETING_VERSION = 1.0;
				PRODUCT_BUNDLE_IDENTIFIER = "com.BulldogVenturesInc.SwiftUI-YT-Player-Example";
				PRODUCT_NAME = "$(TARGET_NAME)";
				SWIFT_EMIT_LOC_STRINGS = YES;
				SWIFT_VERSION = 5.0;
				TARGETED_DEVICE_FAMILY = "1,2";
			};
			name = Release;
		};
		79F045232AF91F5D00A97CA9 /* Debug */ = {
			isa = XCBuildConfiguration;
			buildSettings = {
				ALWAYS_EMBED_SWIFT_STANDARD_LIBRARIES = YES;
				BUNDLE_LOADER = "$(TEST_HOST)";
				CODE_SIGN_STYLE = Automatic;
				CURRENT_PROJECT_VERSION = 1;
				DEVELOPMENT_TEAM = 6JD548BN3B;
				GENERATE_INFOPLIST_FILE = YES;
				IPHONEOS_DEPLOYMENT_TARGET = 16.2;
				MARKETING_VERSION = 1.0;
				PRODUCT_BUNDLE_IDENTIFIER = "com.BulldogVenturesInc.SwiftUI-YT-Player-ExampleTests";
				PRODUCT_NAME = "$(TARGET_NAME)";
				SWIFT_EMIT_LOC_STRINGS = NO;
				SWIFT_VERSION = 5.0;
				TARGETED_DEVICE_FAMILY = "1,2";
				TEST_HOST = "$(BUILT_PRODUCTS_DIR)/SwiftUI YT Player Example.app/$(BUNDLE_EXECUTABLE_FOLDER_PATH)/SwiftUI YT Player Example";
			};
			name = Debug;
		};
		79F045242AF91F5D00A97CA9 /* Release */ = {
			isa = XCBuildConfiguration;
			buildSettings = {
				ALWAYS_EMBED_SWIFT_STANDARD_LIBRARIES = YES;
				BUNDLE_LOADER = "$(TEST_HOST)";
				CODE_SIGN_STYLE = Automatic;
				CURRENT_PROJECT_VERSION = 1;
				DEVELOPMENT_TEAM = 6JD548BN3B;
				GENERATE_INFOPLIST_FILE = YES;
				IPHONEOS_DEPLOYMENT_TARGET = 16.2;
				MARKETING_VERSION = 1.0;
				PRODUCT_BUNDLE_IDENTIFIER = "com.BulldogVenturesInc.SwiftUI-YT-Player-ExampleTests";
				PRODUCT_NAME = "$(TARGET_NAME)";
				SWIFT_EMIT_LOC_STRINGS = NO;
				SWIFT_VERSION = 5.0;
				TARGETED_DEVICE_FAMILY = "1,2";
				TEST_HOST = "$(BUILT_PRODUCTS_DIR)/SwiftUI YT Player Example.app/$(BUNDLE_EXECUTABLE_FOLDER_PATH)/SwiftUI YT Player Example";
			};
			name = Release;
		};
		79F045262AF91F5D00A97CA9 /* Debug */ = {
			isa = XCBuildConfiguration;
			buildSettings = {
				ALWAYS_EMBED_SWIFT_STANDARD_LIBRARIES = YES;
				CODE_SIGN_STYLE = Automatic;
				CURRENT_PROJECT_VERSION = 1;
				DEVELOPMENT_TEAM = 6JD548BN3B;
				GENERATE_INFOPLIST_FILE = YES;
				MARKETING_VERSION = 1.0;
				PRODUCT_BUNDLE_IDENTIFIER = "com.BulldogVenturesInc.SwiftUI-YT-Player-ExampleUITests";
				PRODUCT_NAME = "$(TARGET_NAME)";
				SWIFT_EMIT_LOC_STRINGS = NO;
				SWIFT_VERSION = 5.0;
				TARGETED_DEVICE_FAMILY = "1,2";
				TEST_TARGET_NAME = "SwiftUI YT Player Example";
			};
			name = Debug;
		};
		79F045272AF91F5D00A97CA9 /* Release */ = {
			isa = XCBuildConfiguration;
			buildSettings = {
				ALWAYS_EMBED_SWIFT_STANDARD_LIBRARIES = YES;
				CODE_SIGN_STYLE = Automatic;
				CURRENT_PROJECT_VERSION = 1;
				DEVELOPMENT_TEAM = 6JD548BN3B;
				GENERATE_INFOPLIST_FILE = YES;
				MARKETING_VERSION = 1.0;
				PRODUCT_BUNDLE_IDENTIFIER = "com.BulldogVenturesInc.SwiftUI-YT-Player-ExampleUITests";
				PRODUCT_NAME = "$(TARGET_NAME)";
				SWIFT_EMIT_LOC_STRINGS = NO;
				SWIFT_VERSION = 5.0;
				TARGETED_DEVICE_FAMILY = "1,2";
				TEST_TARGET_NAME = "SwiftUI YT Player Example";
			};
			name = Release;
		};
/* End XCBuildConfiguration section */

/* Begin XCConfigurationList section */
		79F044F62AF91F5A00A97CA9 /* Build configuration list for PBXProject "SwiftUI YT Player Example" */ = {
			isa = XCConfigurationList;
			buildConfigurations = (
				79F0451D2AF91F5D00A97CA9 /* Debug */,
				79F0451E2AF91F5D00A97CA9 /* Release */,
			);
			defaultConfigurationIsVisible = 0;
			defaultConfigurationName = Release;
		};
		79F0451F2AF91F5D00A97CA9 /* Build configuration list for PBXNativeTarget "SwiftUI YT Player Example" */ = {
			isa = XCConfigurationList;
			buildConfigurations = (
				79F045202AF91F5D00A97CA9 /* Debug */,
				79F045212AF91F5D00A97CA9 /* Release */,
			);
			defaultConfigurationIsVisible = 0;
			defaultConfigurationName = Release;
		};
		79F045222AF91F5D00A97CA9 /* Build configuration list for PBXNativeTarget "SwiftUI YT Player ExampleTests" */ = {
			isa = XCConfigurationList;
			buildConfigurations = (
				79F045232AF91F5D00A97CA9 /* Debug */,
				79F045242AF91F5D00A97CA9 /* Release */,
			);
			defaultConfigurationIsVisible = 0;
			defaultConfigurationName = Release;
		};
		79F045252AF91F5D00A97CA9 /* Build configuration list for PBXNativeTarget "SwiftUI YT Player ExampleUITests" */ = {
			isa = XCConfigurationList;
			buildConfigurations = (
				79F045262AF91F5D00A97CA9 /* Debug */,
				79F045272AF91F5D00A97CA9 /* Release */,
			);
			defaultConfigurationIsVisible = 0;
			defaultConfigurationName = Release;
		};
/* End XCConfigurationList section */
	};
	rootObject = 79F044F32AF91F5A00A97CA9 /* Project object */;
}
